
Microsoft Visual Studio Solution File, Format Version 12.00
# Visual Studio Version 17
VisualStudioVersion = 17.6.33829.357
MinimumVisualStudioVersion = 10.0.40219.1
Project("{FAE04EC0-301F-11D3-BF4B-00C04F79EFBC}") = "login", "login.csproj", "{B59C22AC-3B2D-4F58-9CBA-59183B3576A5}"
EndProject
Global
	GlobalSection(SolutionConfigurationPlatforms) = preSolution
		Debug|Any CPU = Debug|Any CPU
		Release|Any CPU = Release|Any CPU
	EndGlobalSection
	GlobalSection(ProjectConfigurationPlatforms) = postSolution
		{B59C22AC-3B2D-4F58-9CBA-59183B3576A5}.Debug|Any CPU.ActiveCfg = Debug|Any CPU
		{B59C22AC-3B2D-4F58-9CBA-59183B3576A5}.Debug|Any CPU.Build.0 = Debug|Any CPU
		{B59C22AC-3B2D-4F58-9CBA-59183B3576A5}.Release|Any CPU.ActiveCfg = Release|Any CPU
		{B59C22AC-3B2D-4F58-9CBA-59183B3576A5}.Release|Any CPU.Build.0 = Release|Any CPU
	EndGlobalSection
	GlobalSection(SolutionProperties) = preSolution
		HideSolutionNode = FALSE
	EndGlobalSection
	GlobalSection(ExtensibilityGlobals) = postSolution
		SolutionGuid = {95657415-4D30-4DD5-894F-AA65AED7E82B}
	EndGlobalSection
EndGlobal
